
Microsoft Visual Studio Solution File, Format Version 12.00
# Visual Studio Version 17
VisualStudioVersion = 17.5.33414.496
MinimumVisualStudioVersion = 10.0.40219.1
Project("{FAE04EC0-301F-11D3-BF4B-00C04F79EFBC}") = "TextSouboryUkol2", "TextSouboryUkol2\TextSouboryUkol2.csproj", "{B2FFCB5E-56B8-497B-8CA4-1314D9C5EC6C}"
EndProject
Global
	GlobalSection(SolutionConfigurationPlatforms) = preSolution
		Debug|Any CPU = Debug|Any CPU
		Release|Any CPU = Release|Any CPU
	EndGlobalSection
	GlobalSection(ProjectConfigurationPlatforms) = postSolution
		{B2FFCB5E-56B8-497B-8CA4-1314D9C5EC6C}.Debug|Any CPU.ActiveCfg = Debug|Any CPU
		{B2FFCB5E-56B8-497B-8CA4-1314D9C5EC6C}.Debug|Any CPU.Build.0 = Debug|Any CPU
		{B2FFCB5E-56B8-497B-8CA4-1314D9C5EC6C}.Release|Any CPU.ActiveCfg = Release|Any CPU
		{B2FFCB5E-56B8-497B-8CA4-1314D9C5EC6C}.Release|Any CPU.Build.0 = Release|Any CPU
	EndGlobalSection
	GlobalSection(SolutionProperties) = preSolution
		HideSolutionNode = FALSE
	EndGlobalSection
	GlobalSection(ExtensibilityGlobals) = postSolution
		SolutionGuid = {205BCA9D-86C0-49E7-878E-09E3443CF357}
	EndGlobalSection
EndGlobal
